// !$*UTF8*$!
{
	archiveVersion = 1;
	classes = {
	};
	objectVersion = 52;
	objects = {

/* Begin PBXBuildFile section */
		CE6806AE26EA5CEB00B0331F /* FountainManager.swift in Sources */ = {isa = PBXBuildFile; fileRef = CE6806AD26EA5CEB00B0331F /* FountainManager.swift */; };
		CE71D77227084BEF00E3F7A2 /* WalletSettingsView.swift in Sources */ = {isa = PBXBuildFile; fileRef = CE71D77127084BEF00E3F7A2 /* WalletSettingsView.swift */; };
		CE71D7752708A17900E3F7A2 /* NotificationManager.swift in Sources */ = {isa = PBXBuildFile; fileRef = CE71D7742708A17900E3F7A2 /* NotificationManager.swift */; };
		CE72678A26E8D6C100C2A354 /* QueryManager.swift in Sources */ = {isa = PBXBuildFile; fileRef = CE72678926E8D6C100C2A354 /* QueryManager.swift */; };
		CE72678C26E95B6000C2A354 /* wots_class.swift in Sources */ = {isa = PBXBuildFile; fileRef = CE72678B26E95B6000C2A354 /* wots_class.swift */; };
		CE74348826F0D49800F4B811 /* BalanceView.swift in Sources */ = {isa = PBXBuildFile; fileRef = CE74348726F0D49800F4B811 /* BalanceView.swift */; };
		CE74348B26F1016000F4B811 /* CodeScanner in Frameworks */ = {isa = PBXBuildFile; productRef = CE74348A26F1016000F4B811 /* CodeScanner */; };
		CE7CAE9826E34DAA00145F60 /* IQKeyboardManagerSwift in Frameworks */ = {isa = PBXBuildFile; productRef = CE7CAE9726E34DAA00145F60 /* IQKeyboardManagerSwift */; };
		CE7EC9AB26E4B32400618629 /* WatchConnectivity.swift in Sources */ = {isa = PBXBuildFile; fileRef = CE7EC9AA26E4B32400618629 /* WatchConnectivity.swift */; };
		CE859A4026E379EE00E5909D /* UtilsView.swift in Sources */ = {isa = PBXBuildFile; fileRef = CE859A3F26E379EE00E5909D /* UtilsView.swift */; };
		CE859A4226E3D83100E5909D /* SecureWalletView.swift in Sources */ = {isa = PBXBuildFile; fileRef = CE859A4126E3D83100E5909D /* SecureWalletView.swift */; };
		CE859A4826E3F37800E5909D /* SwiftUIX in Frameworks */ = {isa = PBXBuildFile; productRef = CE859A4726E3F37800E5909D /* SwiftUIX */; };
		CE8A381026E0A50E0088CC00 /* Constants.swift in Sources */ = {isa = PBXBuildFile; fileRef = CE8A380F26E0A50E0088CC00 /* Constants.swift */; };
		CE8A381326E0B76A0088CC00 /* CryptoSwift in Frameworks */ = {isa = PBXBuildFile; productRef = CE8A381226E0B76A0088CC00 /* CryptoSwift */; };
		CEA43CDB2711D78F00B6548D /* GiftCardListView.swift in Sources */ = {isa = PBXBuildFile; fileRef = CEA43CDA2711D78F00B6548D /* GiftCardListView.swift */; };
		CEB428BB26E2532C00E5E993 /* LoadingScreen.swift in Sources */ = {isa = PBXBuildFile; fileRef = CEB428BA26E2532C00E5E993 /* LoadingScreen.swift */; };
		CED4932226DFA08B003042E4 /* Mochimo_AppApp.swift in Sources */ = {isa = PBXBuildFile; fileRef = CED4932126DFA08B003042E4 /* Mochimo_AppApp.swift */; };
		CED4932426DFA08B003042E4 /* ContentView.swift in Sources */ = {isa = PBXBuildFile; fileRef = CED4932326DFA08B003042E4 /* ContentView.swift */; };
		CED4932626DFA08B003042E4 /* Assets.xcassets in Resources */ = {isa = PBXBuildFile; fileRef = CED4932526DFA08B003042E4 /* Assets.xcassets */; };
		CED4932926DFA08B003042E4 /* Preview Assets.xcassets in Resources */ = {isa = PBXBuildFile; fileRef = CED4932826DFA08B003042E4 /* Preview Assets.xcassets */; };
		CED4933426DFA08B003042E4 /* Mochimo_AppTests.swift in Sources */ = {isa = PBXBuildFile; fileRef = CED4933326DFA08B003042E4 /* Mochimo_AppTests.swift */; };
		CED4933F26DFA08B003042E4 /* Mochimo_AppUITests.swift in Sources */ = {isa = PBXBuildFile; fileRef = CED4933E26DFA08B003042E4 /* Mochimo_AppUITests.swift */; };
		CED4934D26DFA097003042E4 /* SocketManager.swift in Sources */ = {isa = PBXBuildFile; fileRef = CED4934C26DFA097003042E4 /* SocketManager.swift */; };
		CED4935B26DFA11A003042E4 /* NIO in Frameworks */ = {isa = PBXBuildFile; productRef = CED4935A26DFA11A003042E4 /* NIO */; };
		CED4935D26DFA11A003042E4 /* NIOPosix in Frameworks */ = {isa = PBXBuildFile; productRef = CED4935C26DFA11A003042E4 /* NIOPosix */; };
		CED4935F26DFA11A003042E4 /* NIOCore in Frameworks */ = {isa = PBXBuildFile; productRef = CED4935E26DFA11A003042E4 /* NIOCore */; };
		CED4936126DFA11A003042E4 /* NIOConcurrencyHelpers in Frameworks */ = {isa = PBXBuildFile; productRef = CED4936026DFA11A003042E4 /* NIOConcurrencyHelpers */; };
		CED4936326DFA11A003042E4 /* _NIOConcurrency in Frameworks */ = {isa = PBXBuildFile; productRef = CED4936226DFA11A003042E4 /* _NIOConcurrency */; };
		CED4936726DFD1B3003042E4 /* Utils.swift in Sources */ = {isa = PBXBuildFile; fileRef = CED4936626DFD1B3003042E4 /* Utils.swift */; };
		CEEA7C7526E2623D00AB0D6F /* WalletView.swift in Sources */ = {isa = PBXBuildFile; fileRef = CEEA7C7426E2623D00AB0D6F /* WalletView.swift */; };
		CEEA7C7E26E27AA700AB0D6F /* BottomSheet in Frameworks */ = {isa = PBXBuildFile; productRef = CEEA7C7D26E27AA700AB0D6F /* BottomSheet */; };
		CEEA7C8026E284F900AB0D6F /* Words.swift in Sources */ = {isa = PBXBuildFile; fileRef = CEEA7C7F26E284F900AB0D6F /* Words.swift */; };
/* End PBXBuildFile section */

/* Begin PBXContainerItemProxy section */
		CED4933026DFA08B003042E4 /* PBXContainerItemProxy */ = {
			isa = PBXContainerItemProxy;
			containerPortal = CED4931626DFA08B003042E4 /* Project object */;
			proxyType = 1;
			remoteGlobalIDString = CED4931D26DFA08B003042E4;
			remoteInfo = "Mochimo App";
		};
		CED4933B26DFA08B003042E4 /* PBXContainerItemProxy */ = {
			isa = PBXContainerItemProxy;
			containerPortal = CED4931626DFA08B003042E4 /* Project object */;
			proxyType = 1;
			remoteGlobalIDString = CED4931D26DFA08B003042E4;
			remoteInfo = "Mochimo App";
		};
/* End PBXContainerItemProxy section */

/* Begin PBXCopyFilesBuildPhase section */
		CE7EC99A26E4AEB500618629 /* Embed Watch Content */ = {
			isa = PBXCopyFilesBuildPhase;
			buildActionMask = 2147483647;
			dstPath = "$(CONTENTS_FOLDER_PATH)/Watch";
			dstSubfolderSpec = 16;
			files = (
			);
			name = "Embed Watch Content";
			runOnlyForDeploymentPostprocessing = 0;
		};
/* End PBXCopyFilesBuildPhase section */

/* Begin PBXFileReference section */
		CE6806AD26EA5CEB00B0331F /* FountainManager.swift */ = {isa = PBXFileReference; lastKnownFileType = sourcecode.swift; path = FountainManager.swift; sourceTree = "<group>"; };
		CE71D77127084BEF00E3F7A2 /* WalletSettingsView.swift */ = {isa = PBXFileReference; lastKnownFileType = sourcecode.swift; path = WalletSettingsView.swift; sourceTree = "<group>"; };
		CE71D773270893D700E3F7A2 /* Mochimo App.entitlements */ = {isa = PBXFileReference; lastKnownFileType = text.plist.entitlements; path = "Mochimo App.entitlements"; sourceTree = "<group>"; };
		CE71D7742708A17900E3F7A2 /* NotificationManager.swift */ = {isa = PBXFileReference; lastKnownFileType = sourcecode.swift; path = NotificationManager.swift; sourceTree = "<group>"; };
		CE72678926E8D6C100C2A354 /* QueryManager.swift */ = {isa = PBXFileReference; lastKnownFileType = sourcecode.swift; path = QueryManager.swift; sourceTree = "<group>"; };
		CE72678B26E95B6000C2A354 /* wots_class.swift */ = {isa = PBXFileReference; lastKnownFileType = sourcecode.swift; path = wots_class.swift; sourceTree = "<group>"; };
		CE74348726F0D49800F4B811 /* BalanceView.swift */ = {isa = PBXFileReference; lastKnownFileType = sourcecode.swift; path = BalanceView.swift; sourceTree = "<group>"; };
		CE7EC96426E4AEB400618629 /* Assets.xcassets */ = {isa = PBXFileReference; lastKnownFileType = folder.assetcatalog; path = Assets.xcassets; sourceTree = "<group>"; };
		CE7EC96626E4AEB400618629 /* Info.plist */ = {isa = PBXFileReference; lastKnownFileType = text.plist.xml; path = Info.plist; sourceTree = "<group>"; };
		CE7EC97026E4AEB500618629 /* Mochimo_AppApp.swift */ = {isa = PBXFileReference; lastKnownFileType = sourcecode.swift; path = Mochimo_AppApp.swift; sourceTree = "<group>"; };
		CE7EC97226E4AEB500618629 /* ContentView.swift */ = {isa = PBXFileReference; lastKnownFileType = sourcecode.swift; path = ContentView.swift; sourceTree = "<group>"; };
		CE7EC97426E4AEB500618629 /* NotificationController.swift */ = {isa = PBXFileReference; lastKnownFileType = sourcecode.swift; path = NotificationController.swift; sourceTree = "<group>"; };
		CE7EC97626E4AEB500618629 /* NotificationView.swift */ = {isa = PBXFileReference; lastKnownFileType = sourcecode.swift; path = NotificationView.swift; sourceTree = "<group>"; };
		CE7EC97826E4AEB500618629 /* ComplicationController.swift */ = {isa = PBXFileReference; lastKnownFileType = sourcecode.swift; path = ComplicationController.swift; sourceTree = "<group>"; };
		CE7EC97A26E4AEB500618629 /* Assets.xcassets */ = {isa = PBXFileReference; lastKnownFileType = folder.assetcatalog; path = Assets.xcassets; sourceTree = "<group>"; };
		CE7EC97D26E4AEB500618629 /* Preview Assets.xcassets */ = {isa = PBXFileReference; lastKnownFileType = folder.assetcatalog; path = "Preview Assets.xcassets"; sourceTree = "<group>"; };
		CE7EC97F26E4AEB500618629 /* Info.plist */ = {isa = PBXFileReference; lastKnownFileType = text.plist.xml; path = Info.plist; sourceTree = "<group>"; };
		CE7EC98026E4AEB500618629 /* PushNotificationPayload.apns */ = {isa = PBXFileReference; lastKnownFileType = text; path = PushNotificationPayload.apns; sourceTree = "<group>"; };
		CE7EC98926E4AEB500618629 /* Mochimo_WatchTests.swift */ = {isa = PBXFileReference; lastKnownFileType = sourcecode.swift; path = Mochimo_WatchTests.swift; sourceTree = "<group>"; };
		CE7EC98B26E4AEB500618629 /* Info.plist */ = {isa = PBXFileReference; lastKnownFileType = text.plist.xml; path = Info.plist; sourceTree = "<group>"; };
		CE7EC99426E4AEB500618629 /* Mochimo_WatchUITests.swift */ = {isa = PBXFileReference; lastKnownFileType = sourcecode.swift; path = Mochimo_WatchUITests.swift; sourceTree = "<group>"; };
		CE7EC99626E4AEB500618629 /* Info.plist */ = {isa = PBXFileReference; lastKnownFileType = text.plist.xml; path = Info.plist; sourceTree = "<group>"; };
		CE7EC9A826E4B2D500618629 /* WatchConnectivity.swift */ = {isa = PBXFileReference; lastKnownFileType = sourcecode.swift; path = WatchConnectivity.swift; sourceTree = "<group>"; };
		CE7EC9AA26E4B32400618629 /* WatchConnectivity.swift */ = {isa = PBXFileReference; lastKnownFileType = sourcecode.swift; path = WatchConnectivity.swift; sourceTree = "<group>"; };
		CE859A3F26E379EE00E5909D /* UtilsView.swift */ = {isa = PBXFileReference; lastKnownFileType = sourcecode.swift; path = UtilsView.swift; sourceTree = "<group>"; };
		CE859A4126E3D83100E5909D /* SecureWalletView.swift */ = {isa = PBXFileReference; lastKnownFileType = sourcecode.swift; path = SecureWalletView.swift; sourceTree = "<group>"; };
		CE8A380F26E0A50E0088CC00 /* Constants.swift */ = {isa = PBXFileReference; lastKnownFileType = sourcecode.swift; path = Constants.swift; sourceTree = "<group>"; };
		CEA43CDA2711D78F00B6548D /* GiftCardListView.swift */ = {isa = PBXFileReference; lastKnownFileType = sourcecode.swift; path = GiftCardListView.swift; sourceTree = "<group>"; };
		CEA62DC326E5486D00E8D48E /* Assets.xcassets */ = {isa = PBXFileReference; lastKnownFileType = folder.assetcatalog; path = Assets.xcassets; sourceTree = "<group>"; };
		CEA62DC526E5486D00E8D48E /* Info.plist */ = {isa = PBXFileReference; lastKnownFileType = text.plist.xml; path = Info.plist; sourceTree = "<group>"; };
		CEA62DCF26E5486E00E8D48E /* Mochimo_AppApp.swift */ = {isa = PBXFileReference; lastKnownFileType = sourcecode.swift; path = Mochimo_AppApp.swift; sourceTree = "<group>"; };
		CEA62DD126E5486E00E8D48E /* ContentView.swift */ = {isa = PBXFileReference; lastKnownFileType = sourcecode.swift; path = ContentView.swift; sourceTree = "<group>"; };
		CEA62DD326E5486E00E8D48E /* NotificationController.swift */ = {isa = PBXFileReference; lastKnownFileType = sourcecode.swift; path = NotificationController.swift; sourceTree = "<group>"; };
		CEA62DD526E5486E00E8D48E /* NotificationView.swift */ = {isa = PBXFileReference; lastKnownFileType = sourcecode.swift; path = NotificationView.swift; sourceTree = "<group>"; };
		CEA62DD726E5486E00E8D48E /* ComplicationController.swift */ = {isa = PBXFileReference; lastKnownFileType = sourcecode.swift; path = ComplicationController.swift; sourceTree = "<group>"; };
		CEA62DD926E5486E00E8D48E /* Assets.xcassets */ = {isa = PBXFileReference; lastKnownFileType = folder.assetcatalog; path = Assets.xcassets; sourceTree = "<group>"; };
		CEA62DDC26E5486E00E8D48E /* Preview Assets.xcassets */ = {isa = PBXFileReference; lastKnownFileType = folder.assetcatalog; path = "Preview Assets.xcassets"; sourceTree = "<group>"; };
		CEA62DDE26E5486E00E8D48E /* Info.plist */ = {isa = PBXFileReference; lastKnownFileType = text.plist.xml; path = Info.plist; sourceTree = "<group>"; };
		CEA62DDF26E5486E00E8D48E /* PushNotificationPayload.apns */ = {isa = PBXFileReference; lastKnownFileType = text; path = PushNotificationPayload.apns; sourceTree = "<group>"; };
		CEA62DE826E5486E00E8D48E /* Mochimo_WatchTests.swift */ = {isa = PBXFileReference; lastKnownFileType = sourcecode.swift; path = Mochimo_WatchTests.swift; sourceTree = "<group>"; };
		CEA62DEA26E5486E00E8D48E /* Info.plist */ = {isa = PBXFileReference; lastKnownFileType = text.plist.xml; path = Info.plist; sourceTree = "<group>"; };
		CEA62DF326E5486E00E8D48E /* Mochimo_WatchUITests.swift */ = {isa = PBXFileReference; lastKnownFileType = sourcecode.swift; path = Mochimo_WatchUITests.swift; sourceTree = "<group>"; };
		CEA62DF526E5486E00E8D48E /* Info.plist */ = {isa = PBXFileReference; lastKnownFileType = text.plist.xml; path = Info.plist; sourceTree = "<group>"; };
		CEB428BA26E2532C00E5E993 /* LoadingScreen.swift */ = {isa = PBXFileReference; lastKnownFileType = sourcecode.swift; path = LoadingScreen.swift; sourceTree = "<group>"; };
		CED4931E26DFA08B003042E4 /* Mochimo App.app */ = {isa = PBXFileReference; explicitFileType = wrapper.application; includeInIndex = 0; path = "Mochimo App.app"; sourceTree = BUILT_PRODUCTS_DIR; };
		CED4932126DFA08B003042E4 /* Mochimo_AppApp.swift */ = {isa = PBXFileReference; lastKnownFileType = sourcecode.swift; path = Mochimo_AppApp.swift; sourceTree = "<group>"; };
		CED4932326DFA08B003042E4 /* ContentView.swift */ = {isa = PBXFileReference; lastKnownFileType = sourcecode.swift; path = ContentView.swift; sourceTree = "<group>"; };
		CED4932526DFA08B003042E4 /* Assets.xcassets */ = {isa = PBXFileReference; lastKnownFileType = folder.assetcatalog; path = Assets.xcassets; sourceTree = "<group>"; };
		CED4932826DFA08B003042E4 /* Preview Assets.xcassets */ = {isa = PBXFileReference; lastKnownFileType = folder.assetcatalog; path = "Preview Assets.xcassets"; sourceTree = "<group>"; };
		CED4932A26DFA08B003042E4 /* Info.plist */ = {isa = PBXFileReference; lastKnownFileType = text.plist.xml; path = Info.plist; sourceTree = "<group>"; };
		CED4932F26DFA08B003042E4 /* Mochimo AppTests.xctest */ = {isa = PBXFileReference; explicitFileType = wrapper.cfbundle; includeInIndex = 0; path = "Mochimo AppTests.xctest"; sourceTree = BUILT_PRODUCTS_DIR; };
		CED4933326DFA08B003042E4 /* Mochimo_AppTests.swift */ = {isa = PBXFileReference; lastKnownFileType = sourcecode.swift; path = Mochimo_AppTests.swift; sourceTree = "<group>"; };
		CED4933526DFA08B003042E4 /* Info.plist */ = {isa = PBXFileReference; lastKnownFileType = text.plist.xml; path = Info.plist; sourceTree = "<group>"; };
		CED4933A26DFA08B003042E4 /* Mochimo AppUITests.xctest */ = {isa = PBXFileReference; explicitFileType = wrapper.cfbundle; includeInIndex = 0; path = "Mochimo AppUITests.xctest"; sourceTree = BUILT_PRODUCTS_DIR; };
		CED4933E26DFA08B003042E4 /* Mochimo_AppUITests.swift */ = {isa = PBXFileReference; lastKnownFileType = sourcecode.swift; path = Mochimo_AppUITests.swift; sourceTree = "<group>"; };
		CED4934026DFA08B003042E4 /* Info.plist */ = {isa = PBXFileReference; lastKnownFileType = text.plist.xml; path = Info.plist; sourceTree = "<group>"; };
		CED4934C26DFA097003042E4 /* SocketManager.swift */ = {isa = PBXFileReference; lastKnownFileType = sourcecode.swift; path = SocketManager.swift; sourceTree = "<group>"; };
		CED4936626DFD1B3003042E4 /* Utils.swift */ = {isa = PBXFileReference; lastKnownFileType = sourcecode.swift; path = Utils.swift; sourceTree = "<group>"; };
		CEEA7C7426E2623D00AB0D6F /* WalletView.swift */ = {isa = PBXFileReference; lastKnownFileType = sourcecode.swift; path = WalletView.swift; sourceTree = "<group>"; };
		CEEA7C7F26E284F900AB0D6F /* Words.swift */ = {isa = PBXFileReference; lastKnownFileType = sourcecode.swift; path = Words.swift; sourceTree = "<group>"; };
/* End PBXFileReference section */

/* Begin PBXFrameworksBuildPhase section */
		CED4931B26DFA08B003042E4 /* Frameworks */ = {
			isa = PBXFrameworksBuildPhase;
			buildActionMask = 2147483647;
			files = (
				CE859A4826E3F37800E5909D /* SwiftUIX in Frameworks */,
				CED4935F26DFA11A003042E4 /* NIOCore in Frameworks */,
				CE7CAE9826E34DAA00145F60 /* IQKeyboardManagerSwift in Frameworks */,
				CED4936126DFA11A003042E4 /* NIOConcurrencyHelpers in Frameworks */,
				CE74348B26F1016000F4B811 /* CodeScanner in Frameworks */,
				CEEA7C7E26E27AA700AB0D6F /* BottomSheet in Frameworks */,
				CED4936326DFA11A003042E4 /* _NIOConcurrency in Frameworks */,
				CED4935B26DFA11A003042E4 /* NIO in Frameworks */,
				CED4935D26DFA11A003042E4 /* NIOPosix in Frameworks */,
				CE8A381326E0B76A0088CC00 /* CryptoSwift in Frameworks */,
			);
			runOnlyForDeploymentPostprocessing = 0;
		};
		CED4932C26DFA08B003042E4 /* Frameworks */ = {
			isa = PBXFrameworksBuildPhase;
			buildActionMask = 2147483647;
			files = (
			);
			runOnlyForDeploymentPostprocessing = 0;
		};
		CED4933726DFA08B003042E4 /* Frameworks */ = {
			isa = PBXFrameworksBuildPhase;
			buildActionMask = 2147483647;
			files = (
			);
			runOnlyForDeploymentPostprocessing = 0;
		};
/* End PBXFrameworksBuildPhase section */

/* Begin PBXGroup section */
		CE7EC96326E4AEB400618629 /* Mochimo Watch */ = {
			isa = PBXGroup;
			children = (
				CE7EC96426E4AEB400618629 /* Assets.xcassets */,
				CE7EC96626E4AEB400618629 /* Info.plist */,
			);
			path = "Mochimo Watch";
			sourceTree = "<group>";
		};
		CE7EC96F26E4AEB500618629 /* Mochimo Watch Extension */ = {
			isa = PBXGroup;
			children = (
				CE7EC97026E4AEB500618629 /* Mochimo_AppApp.swift */,
				CE7EC9A826E4B2D500618629 /* WatchConnectivity.swift */,
				CE7EC97226E4AEB500618629 /* ContentView.swift */,
				CE7EC97426E4AEB500618629 /* NotificationController.swift */,
				CE7EC97826E4AEB500618629 /* ComplicationController.swift */,
				CE7EC97A26E4AEB500618629 /* Assets.xcassets */,
				CE7EC97626E4AEB500618629 /* NotificationView.swift */,
				CE7EC97F26E4AEB500618629 /* Info.plist */,
				CE7EC98026E4AEB500618629 /* PushNotificationPayload.apns */,
				CE7EC97C26E4AEB500618629 /* Preview Content */,
			);
			path = "Mochimo Watch Extension";
			sourceTree = "<group>";
		};
		CE7EC97C26E4AEB500618629 /* Preview Content */ = {
			isa = PBXGroup;
			children = (
				CE7EC97D26E4AEB500618629 /* Preview Assets.xcassets */,
			);
			path = "Preview Content";
			sourceTree = "<group>";
		};
		CE7EC98826E4AEB500618629 /* Mochimo WatchTests */ = {
			isa = PBXGroup;
			children = (
				CE7EC98926E4AEB500618629 /* Mochimo_WatchTests.swift */,
				CE7EC98B26E4AEB500618629 /* Info.plist */,
			);
			path = "Mochimo WatchTests";
			sourceTree = "<group>";
		};
		CE7EC99326E4AEB500618629 /* Mochimo WatchUITests */ = {
			isa = PBXGroup;
			children = (
				CE7EC99426E4AEB500618629 /* Mochimo_WatchUITests.swift */,
				CE7EC99626E4AEB500618629 /* Info.plist */,
			);
			path = "Mochimo WatchUITests";
			sourceTree = "<group>";
		};
		CEA62DC226E5486D00E8D48E /* Mochimo Watch */ = {
			isa = PBXGroup;
			children = (
				CEA62DC326E5486D00E8D48E /* Assets.xcassets */,
				CEA62DC526E5486D00E8D48E /* Info.plist */,
			);
			path = "Mochimo Watch";
			sourceTree = "<group>";
		};
		CEA62DCE26E5486E00E8D48E /* Mochimo Watch Extension */ = {
			isa = PBXGroup;
			children = (
				CEA62DCF26E5486E00E8D48E /* Mochimo_AppApp.swift */,
				CEA62DD126E5486E00E8D48E /* ContentView.swift */,
				CEA62DD326E5486E00E8D48E /* NotificationController.swift */,
				CEA62DD526E5486E00E8D48E /* NotificationView.swift */,
				CEA62DD726E5486E00E8D48E /* ComplicationController.swift */,
				CEA62DD926E5486E00E8D48E /* Assets.xcassets */,
				CEA62DDE26E5486E00E8D48E /* Info.plist */,
				CEA62DDF26E5486E00E8D48E /* PushNotificationPayload.apns */,
				CEA62DDB26E5486E00E8D48E /* Preview Content */,
			);
			path = "Mochimo Watch Extension";
			sourceTree = "<group>";
		};
		CEA62DDB26E5486E00E8D48E /* Preview Content */ = {
			isa = PBXGroup;
			children = (
				CEA62DDC26E5486E00E8D48E /* Preview Assets.xcassets */,
			);
			path = "Preview Content";
			sourceTree = "<group>";
		};
		CEA62DE726E5486E00E8D48E /* Mochimo WatchTests */ = {
			isa = PBXGroup;
			children = (
				CEA62DE826E5486E00E8D48E /* Mochimo_WatchTests.swift */,
				CEA62DEA26E5486E00E8D48E /* Info.plist */,
			);
			path = "Mochimo WatchTests";
			sourceTree = "<group>";
		};
		CEA62DF226E5486E00E8D48E /* Mochimo WatchUITests */ = {
			isa = PBXGroup;
			children = (
				CEA62DF326E5486E00E8D48E /* Mochimo_WatchUITests.swift */,
				CEA62DF526E5486E00E8D48E /* Info.plist */,
			);
			path = "Mochimo WatchUITests";
			sourceTree = "<group>";
		};
		CED4931526DFA08B003042E4 = {
			isa = PBXGroup;
			children = (
				CED4932026DFA08B003042E4 /* Mochimo App */,
				CED4933226DFA08B003042E4 /* Mochimo AppTests */,
				CED4933D26DFA08B003042E4 /* Mochimo AppUITests */,
				CE7EC96326E4AEB400618629 /* Mochimo Watch */,
				CE7EC96F26E4AEB500618629 /* Mochimo Watch Extension */,
				CE7EC98826E4AEB500618629 /* Mochimo WatchTests */,
				CE7EC99326E4AEB500618629 /* Mochimo WatchUITests */,
				CEA62DC226E5486D00E8D48E /* Mochimo Watch */,
				CEA62DCE26E5486E00E8D48E /* Mochimo Watch Extension */,
				CEA62DE726E5486E00E8D48E /* Mochimo WatchTests */,
				CEA62DF226E5486E00E8D48E /* Mochimo WatchUITests */,
				CED4931F26DFA08B003042E4 /* Products */,
			);
			sourceTree = "<group>";
		};
		CED4931F26DFA08B003042E4 /* Products */ = {
			isa = PBXGroup;
			children = (
				CED4931E26DFA08B003042E4 /* Mochimo App.app */,
				CED4932F26DFA08B003042E4 /* Mochimo AppTests.xctest */,
				CED4933A26DFA08B003042E4 /* Mochimo AppUITests.xctest */,
			);
			name = Products;
			sourceTree = "<group>";
		};
		CED4932026DFA08B003042E4 /* Mochimo App */ = {
			isa = PBXGroup;
			children = (
				CE71D773270893D700E3F7A2 /* Mochimo App.entitlements */,
				CED4932126DFA08B003042E4 /* Mochimo_AppApp.swift */,
				CED4932326DFA08B003042E4 /* ContentView.swift */,
				CEEA7C7426E2623D00AB0D6F /* WalletView.swift */,
				CE859A4126E3D83100E5909D /* SecureWalletView.swift */,
				CE74348726F0D49800F4B811 /* BalanceView.swift */,
				CEA43CDA2711D78F00B6548D /* GiftCardListView.swift */,
				CE71D77127084BEF00E3F7A2 /* WalletSettingsView.swift */,
				CE72678926E8D6C100C2A354 /* QueryManager.swift */,
				CEEA7C7F26E284F900AB0D6F /* Words.swift */,
				CEB428BA26E2532C00E5E993 /* LoadingScreen.swift */,
				CE859A3F26E379EE00E5909D /* UtilsView.swift */,
				CED4936626DFD1B3003042E4 /* Utils.swift */,
				CE8A380F26E0A50E0088CC00 /* Constants.swift */,
				CED4932526DFA08B003042E4 /* Assets.xcassets */,
				CED4932A26DFA08B003042E4 /* Info.plist */,
				CE72678B26E95B6000C2A354 /* wots_class.swift */,
				CED4934C26DFA097003042E4 /* SocketManager.swift */,
				CE71D7742708A17900E3F7A2 /* NotificationManager.swift */,
				CE6806AD26EA5CEB00B0331F /* FountainManager.swift */,
				CE7EC9AA26E4B32400618629 /* WatchConnectivity.swift */,
				CED4932726DFA08B003042E4 /* Preview Content */,
			);
			path = "Mochimo App";
			sourceTree = "<group>";
		};
		CED4932726DFA08B003042E4 /* Preview Content */ = {
			isa = PBXGroup;
			children = (
				CED4932826DFA08B003042E4 /* Preview Assets.xcassets */,
			);
			path = "Preview Content";
			sourceTree = "<group>";
		};
		CED4933226DFA08B003042E4 /* Mochimo AppTests */ = {
			isa = PBXGroup;
			children = (
				CED4933326DFA08B003042E4 /* Mochimo_AppTests.swift */,
				CED4933526DFA08B003042E4 /* Info.plist */,
			);
			path = "Mochimo AppTests";
			sourceTree = "<group>";
		};
		CED4933D26DFA08B003042E4 /* Mochimo AppUITests */ = {
			isa = PBXGroup;
			children = (
				CED4933E26DFA08B003042E4 /* Mochimo_AppUITests.swift */,
				CED4934026DFA08B003042E4 /* Info.plist */,
			);
			path = "Mochimo AppUITests";
			sourceTree = "<group>";
		};
/* End PBXGroup section */

/* Begin PBXNativeTarget section */
		CED4931D26DFA08B003042E4 /* Mochimo App */ = {
			isa = PBXNativeTarget;
			buildConfigurationList = CED4934326DFA08B003042E4 /* Build configuration list for PBXNativeTarget "Mochimo App" */;
			buildPhases = (
				CED4931A26DFA08B003042E4 /* Sources */,
				CED4931B26DFA08B003042E4 /* Frameworks */,
				CED4931C26DFA08B003042E4 /* Resources */,
				CE7EC99A26E4AEB500618629 /* Embed Watch Content */,
			);
			buildRules = (
			);
			dependencies = (
			);
			name = "Mochimo App";
			packageProductDependencies = (
				CED4935A26DFA11A003042E4 /* NIO */,
				CED4935C26DFA11A003042E4 /* NIOPosix */,
				CED4935E26DFA11A003042E4 /* NIOCore */,
				CED4936026DFA11A003042E4 /* NIOConcurrencyHelpers */,
				CED4936226DFA11A003042E4 /* _NIOConcurrency */,
				CE8A381226E0B76A0088CC00 /* CryptoSwift */,
				CEEA7C7D26E27AA700AB0D6F /* BottomSheet */,
				CE7CAE9726E34DAA00145F60 /* IQKeyboardManagerSwift */,
				CE859A4726E3F37800E5909D /* SwiftUIX */,
				CE74348A26F1016000F4B811 /* CodeScanner */,
			);
			productName = "Mochimo App";
			productReference = CED4931E26DFA08B003042E4 /* Mochimo App.app */;
			productType = "com.apple.product-type.application";
		};
		CED4932E26DFA08B003042E4 /* Mochimo AppTests */ = {
			isa = PBXNativeTarget;
			buildConfigurationList = CED4934626DFA08B003042E4 /* Build configuration list for PBXNativeTarget "Mochimo AppTests" */;
			buildPhases = (
				CED4932B26DFA08B003042E4 /* Sources */,
				CED4932C26DFA08B003042E4 /* Frameworks */,
				CED4932D26DFA08B003042E4 /* Resources */,
			);
			buildRules = (
			);
			dependencies = (
				CED4933126DFA08B003042E4 /* PBXTargetDependency */,
			);
			name = "Mochimo AppTests";
			productName = "Mochimo AppTests";
			productReference = CED4932F26DFA08B003042E4 /* Mochimo AppTests.xctest */;
			productType = "com.apple.product-type.bundle.unit-test";
		};
		CED4933926DFA08B003042E4 /* Mochimo AppUITests */ = {
			isa = PBXNativeTarget;
			buildConfigurationList = CED4934926DFA08B003042E4 /* Build configuration list for PBXNativeTarget "Mochimo AppUITests" */;
			buildPhases = (
				CED4933626DFA08B003042E4 /* Sources */,
				CED4933726DFA08B003042E4 /* Frameworks */,
				CED4933826DFA08B003042E4 /* Resources */,
			);
			buildRules = (
			);
			dependencies = (
				CED4933C26DFA08B003042E4 /* PBXTargetDependency */,
			);
			name = "Mochimo AppUITests";
			productName = "Mochimo AppUITests";
			productReference = CED4933A26DFA08B003042E4 /* Mochimo AppUITests.xctest */;
			productType = "com.apple.product-type.bundle.ui-testing";
		};
/* End PBXNativeTarget section */

/* Begin PBXProject section */
		CED4931626DFA08B003042E4 /* Project object */ = {
			isa = PBXProject;
			attributes = {
				LastSwiftUpdateCheck = 1250;
				LastUpgradeCheck = 1250;
				TargetAttributes = {
					CED4931D26DFA08B003042E4 = {
						CreatedOnToolsVersion = 12.5.1;
					};
					CED4932E26DFA08B003042E4 = {
						CreatedOnToolsVersion = 12.5.1;
						TestTargetID = CED4931D26DFA08B003042E4;
					};
					CED4933926DFA08B003042E4 = {
						CreatedOnToolsVersion = 12.5.1;
						TestTargetID = CED4931D26DFA08B003042E4;
					};
				};
			};
			buildConfigurationList = CED4931926DFA08B003042E4 /* Build configuration list for PBXProject "Mochimo App" */;
			compatibilityVersion = "Xcode 9.3";
			developmentRegion = en;
			hasScannedForEncodings = 0;
			knownRegions = (
				en,
				Base,
			);
			mainGroup = CED4931526DFA08B003042E4;
			packageReferences = (
				CED4935926DFA11A003042E4 /* XCRemoteSwiftPackageReference "swift-nio" */,
				CE8A381126E0B76A0088CC00 /* XCRemoteSwiftPackageReference "CryptoSwift" */,
				CEEA7C7C26E27AA700AB0D6F /* XCRemoteSwiftPackageReference "bottom-sheet" */,
				CE7CAE9626E34DAA00145F60 /* XCRemoteSwiftPackageReference "IQKeyboardManager" */,
				CE859A4626E3F37700E5909D /* XCRemoteSwiftPackageReference "SwiftUIX" */,
				CE74348926F1016000F4B811 /* XCRemoteSwiftPackageReference "CodeScanner" */,
			);
			productRefGroup = CED4931F26DFA08B003042E4 /* Products */;
			projectDirPath = "";
			projectRoot = "";
			targets = (
				CED4931D26DFA08B003042E4 /* Mochimo App */,
				CED4932E26DFA08B003042E4 /* Mochimo AppTests */,
				CED4933926DFA08B003042E4 /* Mochimo AppUITests */,
			);
		};
/* End PBXProject section */

/* Begin PBXResourcesBuildPhase section */
		CED4931C26DFA08B003042E4 /* Resources */ = {
			isa = PBXResourcesBuildPhase;
			buildActionMask = 2147483647;
			files = (
				CED4932926DFA08B003042E4 /* Preview Assets.xcassets in Resources */,
				CED4932626DFA08B003042E4 /* Assets.xcassets in Resources */,
			);
			runOnlyForDeploymentPostprocessing = 0;
		};
		CED4932D26DFA08B003042E4 /* Resources */ = {
			isa = PBXResourcesBuildPhase;
			buildActionMask = 2147483647;
			files = (
			);
			runOnlyForDeploymentPostprocessing = 0;
		};
		CED4933826DFA08B003042E4 /* Resources */ = {
			isa = PBXResourcesBuildPhase;
			buildActionMask = 2147483647;
			files = (
			);
			runOnlyForDeploymentPostprocessing = 0;
		};
/* End PBXResourcesBuildPhase section */

/* Begin PBXSourcesBuildPhase section */
		CED4931A26DFA08B003042E4 /* Sources */ = {
			isa = PBXSourcesBuildPhase;
			buildActionMask = 2147483647;
			files = (
				CE8A381026E0A50E0088CC00 /* Constants.swift in Sources */,
				CE71D7752708A17900E3F7A2 /* NotificationManager.swift in Sources */,
				CE7EC9AB26E4B32400618629 /* WatchConnectivity.swift in Sources */,
				CE72678A26E8D6C100C2A354 /* QueryManager.swift in Sources */,
				CEA43CDB2711D78F00B6548D /* GiftCardListView.swift in Sources */,
				CED4932426DFA08B003042E4 /* ContentView.swift in Sources */,
				CEB428BB26E2532C00E5E993 /* LoadingScreen.swift in Sources */,
				CEEA7C7526E2623D00AB0D6F /* WalletView.swift in Sources */,
				CE74348826F0D49800F4B811 /* BalanceView.swift in Sources */,
				CE72678C26E95B6000C2A354 /* wots_class.swift in Sources */,
				CE71D77227084BEF00E3F7A2 /* WalletSettingsView.swift in Sources */,
				CED4934D26DFA097003042E4 /* SocketManager.swift in Sources */,
				CEEA7C8026E284F900AB0D6F /* Words.swift in Sources */,
				CE859A4226E3D83100E5909D /* SecureWalletView.swift in Sources */,
				CE859A4026E379EE00E5909D /* UtilsView.swift in Sources */,
				CED4932226DFA08B003042E4 /* Mochimo_AppApp.swift in Sources */,
				CED4936726DFD1B3003042E4 /* Utils.swift in Sources */,
				CE6806AE26EA5CEB00B0331F /* FountainManager.swift in Sources */,
			);
			runOnlyForDeploymentPostprocessing = 0;
		};
		CED4932B26DFA08B003042E4 /* Sources */ = {
			isa = PBXSourcesBuildPhase;
			buildActionMask = 2147483647;
			files = (
				CED4933426DFA08B003042E4 /* Mochimo_AppTests.swift in Sources */,
			);
			runOnlyForDeploymentPostprocessing = 0;
		};
		CED4933626DFA08B003042E4 /* Sources */ = {
			isa = PBXSourcesBuildPhase;
			buildActionMask = 2147483647;
			files = (
				CED4933F26DFA08B003042E4 /* Mochimo_AppUITests.swift in Sources */,
			);
			runOnlyForDeploymentPostprocessing = 0;
		};
/* End PBXSourcesBuildPhase section */

/* Begin PBXTargetDependency section */
		CED4933126DFA08B003042E4 /* PBXTargetDependency */ = {
			isa = PBXTargetDependency;
			target = CED4931D26DFA08B003042E4 /* Mochimo App */;
			targetProxy = CED4933026DFA08B003042E4 /* PBXContainerItemProxy */;
		};
		CED4933C26DFA08B003042E4 /* PBXTargetDependency */ = {
			isa = PBXTargetDependency;
			target = CED4931D26DFA08B003042E4 /* Mochimo App */;
			targetProxy = CED4933B26DFA08B003042E4 /* PBXContainerItemProxy */;
		};
/* End PBXTargetDependency section */

/* Begin XCBuildConfiguration section */
		CED4934126DFA08B003042E4 /* Debug */ = {
			isa = XCBuildConfiguration;
			buildSettings = {
				ALWAYS_SEARCH_USER_PATHS = NO;
				CLANG_ANALYZER_NONNULL = YES;
				CLANG_ANALYZER_NUMBER_OBJECT_CONVERSION = YES_AGGRESSIVE;
				CLANG_CXX_LANGUAGE_STANDARD = "gnu++14";
				CLANG_CXX_LIBRARY = "libc++";
				CLANG_ENABLE_MODULES = YES;
				CLANG_ENABLE_OBJC_ARC = YES;
				CLANG_ENABLE_OBJC_WEAK = YES;
				CLANG_WARN_BLOCK_CAPTURE_AUTORELEASING = YES;
				CLANG_WARN_BOOL_CONVERSION = YES;
				CLANG_WARN_COMMA = YES;
				CLANG_WARN_CONSTANT_CONVERSION = YES;
				CLANG_WARN_DEPRECATED_OBJC_IMPLEMENTATIONS = YES;
				CLANG_WARN_DIRECT_OBJC_ISA_USAGE = YES_ERROR;
				CLANG_WARN_DOCUMENTATION_COMMENTS = YES;
				CLANG_WARN_EMPTY_BODY = YES;
				CLANG_WARN_ENUM_CONVERSION = YES;
				CLANG_WARN_INFINITE_RECURSION = YES;
				CLANG_WARN_INT_CONVERSION = YES;
				CLANG_WARN_NON_LITERAL_NULL_CONVERSION = YES;
				CLANG_WARN_OBJC_IMPLICIT_RETAIN_SELF = YES;
				CLANG_WARN_OBJC_LITERAL_CONVERSION = YES;
				CLANG_WARN_OBJC_ROOT_CLASS = YES_ERROR;
				CLANG_WARN_QUOTED_INCLUDE_IN_FRAMEWORK_HEADER = YES;
				CLANG_WARN_RANGE_LOOP_ANALYSIS = YES;
				CLANG_WARN_STRICT_PROTOTYPES = YES;
				CLANG_WARN_SUSPICIOUS_MOVE = YES;
				CLANG_WARN_UNGUARDED_AVAILABILITY = YES_AGGRESSIVE;
				CLANG_WARN_UNREACHABLE_CODE = YES;
				CLANG_WARN__DUPLICATE_METHOD_MATCH = YES;
				CODE_SIGN_STYLE = Automatic;
				COPY_PHASE_STRIP = NO;
				DEBUG_INFORMATION_FORMAT = dwarf;
				ENABLE_STRICT_OBJC_MSGSEND = YES;
				ENABLE_TESTABILITY = YES;
				GCC_C_LANGUAGE_STANDARD = gnu11;
				GCC_DYNAMIC_NO_PIC = NO;
				GCC_NO_COMMON_BLOCKS = YES;
				GCC_OPTIMIZATION_LEVEL = 0;
				GCC_PREPROCESSOR_DEFINITIONS = (
					"DEBUG=1",
					"$(inherited)",
				);
				GCC_WARN_64_TO_32_BIT_CONVERSION = YES;
				GCC_WARN_ABOUT_RETURN_TYPE = YES_ERROR;
				GCC_WARN_UNDECLARED_SELECTOR = YES;
				GCC_WARN_UNINITIALIZED_AUTOS = YES_AGGRESSIVE;
				GCC_WARN_UNUSED_FUNCTION = YES;
				GCC_WARN_UNUSED_VARIABLE = YES;
				IPHONEOS_DEPLOYMENT_TARGET = 14.5;
				MTL_ENABLE_DEBUG_INFO = INCLUDE_SOURCE;
				MTL_FAST_MATH = YES;
				ONLY_ACTIVE_ARCH = YES;
				SDKROOT = iphoneos;
				SWIFT_ACTIVE_COMPILATION_CONDITIONS = DEBUG;
				SWIFT_OPTIMIZATION_LEVEL = "-Onone";
			};
			name = Debug;
		};
		CED4934226DFA08B003042E4 /* Release */ = {
			isa = XCBuildConfiguration;
			buildSettings = {
				ALWAYS_SEARCH_USER_PATHS = NO;
				CLANG_ANALYZER_NONNULL = YES;
				CLANG_ANALYZER_NUMBER_OBJECT_CONVERSION = YES_AGGRESSIVE;
				CLANG_CXX_LANGUAGE_STANDARD = "gnu++14";
				CLANG_CXX_LIBRARY = "libc++";
				CLANG_ENABLE_MODULES = YES;
				CLANG_ENABLE_OBJC_ARC = YES;
				CLANG_ENABLE_OBJC_WEAK = YES;
				CLANG_WARN_BLOCK_CAPTURE_AUTORELEASING = YES;
				CLANG_WARN_BOOL_CONVERSION = YES;
				CLANG_WARN_COMMA = YES;
				CLANG_WARN_CONSTANT_CONVERSION = YES;
				CLANG_WARN_DEPRECATED_OBJC_IMPLEMENTATIONS = YES;
				CLANG_WARN_DIRECT_OBJC_ISA_USAGE = YES_ERROR;
				CLANG_WARN_DOCUMENTATION_COMMENTS = YES;
				CLANG_WARN_EMPTY_BODY = YES;
				CLANG_WARN_ENUM_CONVERSION = YES;
				CLANG_WARN_INFINITE_RECURSION = YES;
				CLANG_WARN_INT_CONVERSION = YES;
				CLANG_WARN_NON_LITERAL_NULL_CONVERSION = YES;
				CLANG_WARN_OBJC_IMPLICIT_RETAIN_SELF = YES;
				CLANG_WARN_OBJC_LITERAL_CONVERSION = YES;
				CLANG_WARN_OBJC_ROOT_CLASS = YES_ERROR;
				CLANG_WARN_QUOTED_INCLUDE_IN_FRAMEWORK_HEADER = YES;
				CLANG_WARN_RANGE_LOOP_ANALYSIS = YES;
				CLANG_WARN_STRICT_PROTOTYPES = YES;
				CLANG_WARN_SUSPICIOUS_MOVE = YES;
				CLANG_WARN_UNGUARDED_AVAILABILITY = YES_AGGRESSIVE;
				CLANG_WARN_UNREACHABLE_CODE = YES;
				CLANG_WARN__DUPLICATE_METHOD_MATCH = YES;
				COPY_PHASE_STRIP = NO;
				DEBUG_INFORMATION_FORMAT = "dwarf-with-dsym";
				ENABLE_NS_ASSERTIONS = NO;
				ENABLE_STRICT_OBJC_MSGSEND = YES;
				GCC_C_LANGUAGE_STANDARD = gnu11;
				GCC_NO_COMMON_BLOCKS = YES;
				GCC_WARN_64_TO_32_BIT_CONVERSION = YES;
				GCC_WARN_ABOUT_RETURN_TYPE = YES_ERROR;
				GCC_WARN_UNDECLARED_SELECTOR = YES;
				GCC_WARN_UNINITIALIZED_AUTOS = YES_AGGRESSIVE;
				GCC_WARN_UNUSED_FUNCTION = YES;
				GCC_WARN_UNUSED_VARIABLE = YES;
				IPHONEOS_DEPLOYMENT_TARGET = 14.5;
				MTL_ENABLE_DEBUG_INFO = NO;
				MTL_FAST_MATH = YES;
				SDKROOT = iphoneos;
				SWIFT_COMPILATION_MODE = wholemodule;
				SWIFT_OPTIMIZATION_LEVEL = "-O";
				VALIDATE_PRODUCT = YES;
			};
			name = Release;
		};
		CED4934426DFA08B003042E4 /* Debug */ = {
			isa = XCBuildConfiguration;
			buildSettings = {
				ASSETCATALOG_COMPILER_APPICON_NAME = AppIcon;
				ASSETCATALOG_COMPILER_GLOBAL_ACCENT_COLOR_NAME = AccentColor;
				CODE_SIGN_ENTITLEMENTS = "Mochimo App/Mochimo App.entitlements";
				CODE_SIGN_STYLE = Automatic;
				CURRENT_PROJECT_VERSION = 3;
				DEVELOPMENT_ASSET_PATHS = "\"Mochimo App/Preview Content\"";
				DEVELOPMENT_TEAM = Y94W965TY5;
				ENABLE_PREVIEWS = YES;
				INFOPLIST_FILE = "Mochimo App/Info.plist";
				IPHONEOS_DEPLOYMENT_TARGET = 14.0;
				LD_RUNPATH_SEARCH_PATHS = (
					"$(inherited)",
					"@executable_path/Frameworks",
				);
				MARKETING_VERSION = 0.1.1;
				PRODUCT_BUNDLE_IDENTIFIER = "me.NickP05.Mochimo-App";
				PRODUCT_NAME = "$(TARGET_NAME)";
				SWIFT_VERSION = 5.0;
				TARGETED_DEVICE_FAMILY = "1,2";
			};
			name = Debug;
		};
		CED4934526DFA08B003042E4 /* Release */ = {
			isa = XCBuildConfiguration;
			buildSettings = {
				ASSETCATALOG_COMPILER_APPICON_NAME = AppIcon;
				ASSETCATALOG_COMPILER_GLOBAL_ACCENT_COLOR_NAME = AccentColor;
				CODE_SIGN_ENTITLEMENTS = "Mochimo App/Mochimo App.entitlements";
				CODE_SIGN_STYLE = Automatic;
				CURRENT_PROJECT_VERSION = 3;
				DEVELOPMENT_ASSET_PATHS = "\"Mochimo App/Preview Content\"";
				DEVELOPMENT_TEAM = Y94W965TY5;
				ENABLE_PREVIEWS = YES;
				GCC_OPTIMIZATION_LEVEL = 0;
				INFOPLIST_FILE = "Mochimo App/Info.plist";
				IPHONEOS_DEPLOYMENT_TARGET = 14.0;
				LD_RUNPATH_SEARCH_PATHS = (
					"$(inherited)",
					"@executable_path/Frameworks",
				);
				MARKETING_VERSION = 0.1.1;
				PRODUCT_BUNDLE_IDENTIFIER = "me.NickP05.Mochimo-App";
				PRODUCT_NAME = "$(TARGET_NAME)";
				SWIFT_COMPILATION_MODE = singlefile;
				SWIFT_OPTIMIZATION_LEVEL = "-Onone";
				SWIFT_VERSION = 5.0;
				TARGETED_DEVICE_FAMILY = "1,2";
			};
			name = Release;
		};
		CED4934726DFA08B003042E4 /* Debug */ = {
			isa = XCBuildConfiguration;
			buildSettings = {
				ALWAYS_EMBED_SWIFT_STANDARD_LIBRARIES = YES;
				BUNDLE_LOADER = "$(TEST_HOST)";
				CODE_SIGN_STYLE = Automatic;
				DEVELOPMENT_TEAM = Y94W965TY5;
				INFOPLIST_FILE = "Mochimo AppTests/Info.plist";
				IPHONEOS_DEPLOYMENT_TARGET = 14.0;
				LD_RUNPATH_SEARCH_PATHS = (
					"$(inherited)",
					"@executable_path/Frameworks",
					"@loader_path/Frameworks",
				);
				PRODUCT_BUNDLE_IDENTIFIER = "domoroobtics.tk.Mochimo-AppTests";
				PRODUCT_NAME = "$(TARGET_NAME)";
				SWIFT_VERSION = 5.0;
				TARGETED_DEVICE_FAMILY = "1,2";
				TEST_HOST = "$(BUILT_PRODUCTS_DIR)/Mochimo App.app/Mochimo App";
			};
			name = Debug;
		};
		CED4934826DFA08B003042E4 /* Release */ = {
			isa = XCBuildConfiguration;
			buildSettings = {
				ALWAYS_EMBED_SWIFT_STANDARD_LIBRARIES = YES;
				BUNDLE_LOADER = "$(TEST_HOST)";
				CODE_SIGN_STYLE = Automatic;
				DEVELOPMENT_TEAM = Y94W965TY5;
				INFOPLIST_FILE = "Mochimo AppTests/Info.plist";
				IPHONEOS_DEPLOYMENT_TARGET = 14.0;
				LD_RUNPATH_SEARCH_PATHS = (
					"$(inherited)",
					"@executable_path/Frameworks",
					"@loader_path/Frameworks",
				);
				PRODUCT_BUNDLE_IDENTIFIER = "domoroobtics.tk.Mochimo-AppTests";
				PRODUCT_NAME = "$(TARGET_NAME)";
				SWIFT_VERSION = 5.0;
				TARGETED_DEVICE_FAMILY = "1,2";
				TEST_HOST = "$(BUILT_PRODUCTS_DIR)/Mochimo App.app/Mochimo App";
			};
			name = Release;
		};
		CED4934A26DFA08B003042E4 /* Debug */ = {
			isa = XCBuildConfiguration;
			buildSettings = {
				ALWAYS_EMBED_SWIFT_STANDARD_LIBRARIES = YES;
				CODE_SIGN_STYLE = Automatic;
				DEVELOPMENT_TEAM = Y94W965TY5;
				INFOPLIST_FILE = "Mochimo AppUITests/Info.plist";
				LD_RUNPATH_SEARCH_PATHS = (
					"$(inherited)",
					"@executable_path/Frameworks",
					"@loader_path/Frameworks",
				);
				PRODUCT_BUNDLE_IDENTIFIER = "domoroobtics.tk.Mochimo-AppUITests";
				PRODUCT_NAME = "$(TARGET_NAME)";
				SWIFT_VERSION = 5.0;
				TARGETED_DEVICE_FAMILY = "1,2";
				TEST_TARGET_NAME = "Mochimo App";
			};
			name = Debug;
		};
		CED4934B26DFA08B003042E4 /* Release */ = {
			isa = XCBuildConfiguration;
			buildSettings = {
				ALWAYS_EMBED_SWIFT_STANDARD_LIBRARIES = YES;
				CODE_SIGN_STYLE = Automatic;
				DEVELOPMENT_TEAM = Y94W965TY5;
				INFOPLIST_FILE = "Mochimo AppUITests/Info.plist";
				LD_RUNPATH_SEARCH_PATHS = (
					"$(inherited)",
					"@executable_path/Frameworks",
					"@loader_path/Frameworks",
				);
				PRODUCT_BUNDLE_IDENTIFIER = "domoroobtics.tk.Mochimo-AppUITests";
				PRODUCT_NAME = "$(TARGET_NAME)";
				SWIFT_VERSION = 5.0;
				TARGETED_DEVICE_FAMILY = "1,2";
				TEST_TARGET_NAME = "Mochimo App";
			};
			name = Release;
		};
/* End XCBuildConfiguration section */

/* Begin XCConfigurationList section */
		CED4931926DFA08B003042E4 /* Build configuration list for PBXProject "Mochimo App" */ = {
			isa = XCConfigurationList;
			buildConfigurations = (
				CED4934126DFA08B003042E4 /* Debug */,
				CED4934226DFA08B003042E4 /* Release */,
			);
			defaultConfigurationIsVisible = 0;
			defaultConfigurationName = Release;
		};
		CED4934326DFA08B003042E4 /* Build configuration list for PBXNativeTarget "Mochimo App" */ = {
			isa = XCConfigurationList;
			buildConfigurations = (
				CED4934426DFA08B003042E4 /* Debug */,
				CED4934526DFA08B003042E4 /* Release */,
			);
			defaultConfigurationIsVisible = 0;
			defaultConfigurationName = Release;
		};
		CED4934626DFA08B003042E4 /* Build configuration list for PBXNativeTarget "Mochimo AppTests" */ = {
			isa = XCConfigurationList;
			buildConfigurations = (
				CED4934726DFA08B003042E4 /* Debug */,
				CED4934826DFA08B003042E4 /* Release */,
			);
			defaultConfigurationIsVisible = 0;
			defaultConfigurationName = Release;
		};
		CED4934926DFA08B003042E4 /* Build configuration list for PBXNativeTarget "Mochimo AppUITests" */ = {
			isa = XCConfigurationList;
			buildConfigurations = (
				CED4934A26DFA08B003042E4 /* Debug */,
				CED4934B26DFA08B003042E4 /* Release */,
			);
			defaultConfigurationIsVisible = 0;
			defaultConfigurationName = Release;
		};
/* End XCConfigurationList section */

/* Begin XCRemoteSwiftPackageReference section */
		CE74348926F1016000F4B811 /* XCRemoteSwiftPackageReference "CodeScanner" */ = {
			isa = XCRemoteSwiftPackageReference;
			repositoryURL = "https://github.com/twostraws/CodeScanner";
			requirement = {
				kind = upToNextMajorVersion;
				minimumVersion = 1.0.7;
			};
		};
		CE7CAE9626E34DAA00145F60 /* XCRemoteSwiftPackageReference "IQKeyboardManager" */ = {
			isa = XCRemoteSwiftPackageReference;
			repositoryURL = "https://github.com/hackiftekhar/IQKeyboardManager.git";
			requirement = {
				kind = upToNextMajorVersion;
				minimumVersion = 6.5.6;
			};
		};
		CE859A4626E3F37700E5909D /* XCRemoteSwiftPackageReference "SwiftUIX" */ = {
			isa = XCRemoteSwiftPackageReference;
			repositoryURL = "https://github.com/SwiftUIX/SwiftUIX";
			requirement = {
				kind = upToNextMajorVersion;
				minimumVersion = 0.0.8;
			};
		};
		CE8A381126E0B76A0088CC00 /* XCRemoteSwiftPackageReference "CryptoSwift" */ = {
			isa = XCRemoteSwiftPackageReference;
			repositoryURL = "https://github.com/krzyzanowskim/CryptoSwift.git";
			requirement = {
				kind = upToNextMajorVersion;
				minimumVersion = 1.4.1;
			};
		};
		CED4935926DFA11A003042E4 /* XCRemoteSwiftPackageReference "swift-nio" */ = {
			isa = XCRemoteSwiftPackageReference;
			repositoryURL = "https://github.com/apple/swift-nio";
			requirement = {
				kind = upToNextMajorVersion;
				minimumVersion = 2.32.1;
			};
		};
		CEEA7C7C26E27AA700AB0D6F /* XCRemoteSwiftPackageReference "bottom-sheet" */ = {
			isa = XCRemoteSwiftPackageReference;
			repositoryURL = "https://github.com/weitieda/bottom-sheet";
			requirement = {
				kind = upToNextMajorVersion;
				minimumVersion = 1.0.6;
			};
		};
/* End XCRemoteSwiftPackageReference section */

/* Begin XCSwiftPackageProductDependency section */
		CE74348A26F1016000F4B811 /* CodeScanner */ = {
			isa = XCSwiftPackageProductDependency;
			package = CE74348926F1016000F4B811 /* XCRemoteSwiftPackageReference "CodeScanner" */;
			productName = CodeScanner;
		};
		CE7CAE9726E34DAA00145F60 /* IQKeyboardManagerSwift */ = {
			isa = XCSwiftPackageProductDependency;
			package = CE7CAE9626E34DAA00145F60 /* XCRemoteSwiftPackageReference "IQKeyboardManager" */;
			productName = IQKeyboardManagerSwift;
		};
		CE859A4726E3F37800E5909D /* SwiftUIX */ = {
			isa = XCSwiftPackageProductDependency;
			package = CE859A4626E3F37700E5909D /* XCRemoteSwiftPackageReference "SwiftUIX" */;
			productName = SwiftUIX;
		};
		CE8A381226E0B76A0088CC00 /* CryptoSwift */ = {
			isa = XCSwiftPackageProductDependency;
			package = CE8A381126E0B76A0088CC00 /* XCRemoteSwiftPackageReference "CryptoSwift" */;
			productName = CryptoSwift;
		};
		CED4935A26DFA11A003042E4 /* NIO */ = {
			isa = XCSwiftPackageProductDependency;
			package = CED4935926DFA11A003042E4 /* XCRemoteSwiftPackageReference "swift-nio" */;
			productName = NIO;
		};
		CED4935C26DFA11A003042E4 /* NIOPosix */ = {
			isa = XCSwiftPackageProductDependency;
			package = CED4935926DFA11A003042E4 /* XCRemoteSwiftPackageReference "swift-nio" */;
			productName = NIOPosix;
		};
		CED4935E26DFA11A003042E4 /* NIOCore */ = {
			isa = XCSwiftPackageProductDependency;
			package = CED4935926DFA11A003042E4 /* XCRemoteSwiftPackageReference "swift-nio" */;
			productName = NIOCore;
		};
		CED4936026DFA11A003042E4 /* NIOConcurrencyHelpers */ = {
			isa = XCSwiftPackageProductDependency;
			package = CED4935926DFA11A003042E4 /* XCRemoteSwiftPackageReference "swift-nio" */;
			productName = NIOConcurrencyHelpers;
		};
		CED4936226DFA11A003042E4 /* _NIOConcurrency */ = {
			isa = XCSwiftPackageProductDependency;
			package = CED4935926DFA11A003042E4 /* XCRemoteSwiftPackageReference "swift-nio" */;
			productName = _NIOConcurrency;
		};
		CEEA7C7D26E27AA700AB0D6F /* BottomSheet */ = {
			isa = XCSwiftPackageProductDependency;
			package = CEEA7C7C26E27AA700AB0D6F /* XCRemoteSwiftPackageReference "bottom-sheet" */;
			productName = BottomSheet;
		};
/* End XCSwiftPackageProductDependency section */
	};
	rootObject = CED4931626DFA08B003042E4 /* Project object */;
}
